
Microsoft Visual Studio Solution File, Format Version 12.00
# Visual Studio 15
VisualStudioVersion = 15.0.28307.960
MinimumVisualStudioVersion = 10.0.40219.1
Project("{FAE04EC0-301F-11D3-BF4B-00C04F79EFBC}") = "Practica", "Practica\Practica.csproj", "{DDDB9BA2-71A5-4CD8-BAA1-8324605BBDBB}"
EndProject
Project("{FAE04EC0-301F-11D3-BF4B-00C04F79EFBC}") = "Model", "Model\Model.csproj", "{5953BE56-A3FF-4CC0-88A7-AC4C78144529}"
EndProject
Project("{FAE04EC0-301F-11D3-BF4B-00C04F79EFBC}") = "Service", "Service\Service.csproj", "{21FF94CA-507D-4551-ABE8-90B7437368E5}"
EndProject
Global
	GlobalSection(SolutionConfigurationPlatforms) = preSolution
		Debug|Any CPU = Debug|Any CPU
		Release|Any CPU = Release|Any CPU
	EndGlobalSection
	GlobalSection(ProjectConfigurationPlatforms) = postSolution
		{DDDB9BA2-71A5-4CD8-BAA1-8324605BBDBB}.Debug|Any CPU.ActiveCfg = Debug|Any CPU
		{DDDB9BA2-71A5-4CD8-BAA1-8324605BBDBB}.Debug|Any CPU.Build.0 = Debug|Any CPU
		{DDDB9BA2-71A5-4CD8-BAA1-8324605BBDBB}.Release|Any CPU.ActiveCfg = Release|Any CPU
		{DDDB9BA2-71A5-4CD8-BAA1-8324605BBDBB}.Release|Any CPU.Build.0 = Release|Any CPU
		{5953BE56-A3FF-4CC0-88A7-AC4C78144529}.Debug|Any CPU.ActiveCfg = Debug|Any CPU
		{5953BE56-A3FF-4CC0-88A7-AC4C78144529}.Debug|Any CPU.Build.0 = Debug|Any CPU
		{5953BE56-A3FF-4CC0-88A7-AC4C78144529}.Release|Any CPU.ActiveCfg = Release|Any CPU
		{5953BE56-A3FF-4CC0-88A7-AC4C78144529}.Release|Any CPU.Build.0 = Release|Any CPU
		{21FF94CA-507D-4551-ABE8-90B7437368E5}.Debug|Any CPU.ActiveCfg = Debug|Any CPU
		{21FF94CA-507D-4551-ABE8-90B7437368E5}.Debug|Any CPU.Build.0 = Debug|Any CPU
		{21FF94CA-507D-4551-ABE8-90B7437368E5}.Release|Any CPU.ActiveCfg = Release|Any CPU
		{21FF94CA-507D-4551-ABE8-90B7437368E5}.Release|Any CPU.Build.0 = Release|Any CPU
	EndGlobalSection
	GlobalSection(SolutionProperties) = preSolution
		HideSolutionNode = FALSE
	EndGlobalSection
	GlobalSection(ExtensibilityGlobals) = postSolution
		SolutionGuid = {0F07EDEC-291F-4846-A326-C258EA146ED7}
	EndGlobalSection
EndGlobal
